// !$*UTF8*$!
{
	archiveVersion = 1;
	classes = {
	};
	objectVersion = 56;
	objects = {

/* Begin PBXBuildFile section */
		A1000001001 /* AppDelegate.swift in Sources */ = {isa = PBXBuildFile; fileRef = A1000001000 /* AppDelegate.swift */; };
		A1000002001 /* WhisperManager.swift in Sources */ = {isa = PBXBuildFile; fileRef = A1000002000 /* WhisperManager.swift */; };
		A1000003001 /* HotkeyManager.swift in Sources */ = {isa = PBXBuildFile; fileRef = A1000003000 /* HotkeyManager.swift */; };
		A1000004001 /* TextInsertionService.swift in Sources */ = {isa = PBXBuildFile; fileRef = A1000004000 /* TextInsertionService.swift */; };
		A1000005001 /* PermissionsManager.swift in Sources */ = {isa = PBXBuildFile; fileRef = A1000005000 /* PermissionsManager.swift */; };
		A1000006001 /* StatusBarController.swift in Sources */ = {isa = PBXBuildFile; fileRef = A1000006000 /* StatusBarController.swift */; };
		A1000007001 /* AppState.swift in Sources */ = {isa = PBXBuildFile; fileRef = A1000007000 /* AppState.swift */; };
		A1000008001 /* TranscriptionResult.swift in Sources */ = {isa = PBXBuildFile; fileRef = A1000008000 /* TranscriptionResult.swift */; };
		A1000009001 /* StatusBarMenu.swift in Sources */ = {isa = PBXBuildFile; fileRef = A1000009000 /* StatusBarMenu.swift */; };
		A1000010001 /* TranscriptionOverlayView.swift in Sources */ = {isa = PBXBuildFile; fileRef = A1000010000 /* TranscriptionOverlayView.swift */; };
		A1000011001 /* SettingsView.swift in Sources */ = {isa = PBXBuildFile; fileRef = A1000011000 /* SettingsView.swift */; };
		A1000012001 /* ModelDownloadView.swift in Sources */ = {isa = PBXBuildFile; fileRef = A1000012000 /* ModelDownloadView.swift */; };
		A1000013001 /* AXUIElement+Helpers.swift in Sources */ = {isa = PBXBuildFile; fileRef = A1000013000 /* AXUIElement+Helpers.swift */; };
		A1000014001 /* Constants.swift in Sources */ = {isa = PBXBuildFile; fileRef = A1000014000 /* Constants.swift */; };
		A1000015001 /* Assets.xcassets in Resources */ = {isa = PBXBuildFile; fileRef = A1000015000 /* Assets.xcassets */; };
		A1000017001 /* AudioLevelView.swift in Sources */ = {isa = PBXBuildFile; fileRef = A1000017000 /* AudioLevelView.swift */; };
		B387012F2F2341B10018C319 /* main.swift in Sources */ = {isa = PBXBuildFile; fileRef = B387012E2F2341B10018C319 /* main.swift */; };
		B3B4081F2F22BF9000A0727D /* WhisperKit in Frameworks */ = {isa = PBXBuildFile; productRef = B3B4081E2F22BF9000A0727D /* WhisperKit */; };
		B3B408222F22BFBD00A0727D /* HotKey in Frameworks */ = {isa = PBXBuildFile; productRef = B3B408212F22BFBD00A0727D /* HotKey */; };
/* End PBXBuildFile section */

/* Begin PBXFileReference section */
		A1000000000 /* SpeechToText.app */ = {isa = PBXFileReference; explicitFileType = wrapper.application; includeInIndex = 0; path = SpeechToText.app; sourceTree = BUILT_PRODUCTS_DIR; };
		A1000001000 /* AppDelegate.swift */ = {isa = PBXFileReference; lastKnownFileType = sourcecode.swift; path = AppDelegate.swift; sourceTree = "<group>"; };
		A1000001100 /* Info.plist */ = {isa = PBXFileReference; lastKnownFileType = text.plist.xml; path = Info.plist; sourceTree = "<group>"; };
		A1000002000 /* WhisperManager.swift */ = {isa = PBXFileReference; lastKnownFileType = sourcecode.swift; path = WhisperManager.swift; sourceTree = "<group>"; };
		A1000003000 /* HotkeyManager.swift */ = {isa = PBXFileReference; lastKnownFileType = sourcecode.swift; path = HotkeyManager.swift; sourceTree = "<group>"; };
		A1000004000 /* TextInsertionService.swift */ = {isa = PBXFileReference; lastKnownFileType = sourcecode.swift; path = TextInsertionService.swift; sourceTree = "<group>"; };
		A1000005000 /* PermissionsManager.swift */ = {isa = PBXFileReference; lastKnownFileType = sourcecode.swift; path = PermissionsManager.swift; sourceTree = "<group>"; };
		A1000006000 /* StatusBarController.swift */ = {isa = PBXFileReference; lastKnownFileType = sourcecode.swift; path = StatusBarController.swift; sourceTree = "<group>"; };
		A1000007000 /* AppState.swift */ = {isa = PBXFileReference; lastKnownFileType = sourcecode.swift; path = AppState.swift; sourceTree = "<group>"; };
		A1000008000 /* TranscriptionResult.swift */ = {isa = PBXFileReference; lastKnownFileType = sourcecode.swift; path = TranscriptionResult.swift; sourceTree = "<group>"; };
		A1000009000 /* StatusBarMenu.swift */ = {isa = PBXFileReference; lastKnownFileType = sourcecode.swift; path = StatusBarMenu.swift; sourceTree = "<group>"; };
		A1000010000 /* TranscriptionOverlayView.swift */ = {isa = PBXFileReference; lastKnownFileType = sourcecode.swift; path = TranscriptionOverlayView.swift; sourceTree = "<group>"; };
		A1000011000 /* SettingsView.swift */ = {isa = PBXFileReference; lastKnownFileType = sourcecode.swift; path = SettingsView.swift; sourceTree = "<group>"; };
		A1000012000 /* ModelDownloadView.swift */ = {isa = PBXFileReference; lastKnownFileType = sourcecode.swift; path = ModelDownloadView.swift; sourceTree = "<group>"; };
		A1000013000 /* AXUIElement+Helpers.swift */ = {isa = PBXFileReference; lastKnownFileType = sourcecode.swift; path = "AXUIElement+Helpers.swift"; sourceTree = "<group>"; };
		A1000014000 /* Constants.swift */ = {isa = PBXFileReference; lastKnownFileType = sourcecode.swift; path = Constants.swift; sourceTree = "<group>"; };
		A1000015000 /* Assets.xcassets */ = {isa = PBXFileReference; lastKnownFileType = folder.assetcatalog; path = Assets.xcassets; sourceTree = "<group>"; };
		A1000016000 /* SpeechToText.entitlements */ = {isa = PBXFileReference; lastKnownFileType = text.plist.entitlements; path = SpeechToText.entitlements; sourceTree = "<group>"; };
		A1000017000 /* AudioLevelView.swift */ = {isa = PBXFileReference; lastKnownFileType = sourcecode.swift; path = AudioLevelView.swift; sourceTree = "<group>"; };
		B387012E2F2341B10018C319 /* main.swift */ = {isa = PBXFileReference; lastKnownFileType = sourcecode.swift; path = main.swift; sourceTree = "<group>"; };
/* End PBXFileReference section */

/* Begin PBXFrameworksBuildPhase section */
		A1FRMWRK000 /* Frameworks */ = {
			isa = PBXFrameworksBuildPhase;
			buildActionMask = 2147483647;
			files = (
				B3B408222F22BFBD00A0727D /* HotKey in Frameworks */,
				B3B4081F2F22BF9000A0727D /* WhisperKit in Frameworks */,
			);
			runOnlyForDeploymentPostprocessing = 0;
		};
/* End PBXFrameworksBuildPhase section */

/* Begin PBXGroup section */
		A1GRP00000 = {
			isa = PBXGroup;
			children = (
				A1GRP00001 /* SpeechToText */,
				A1GRP00002 /* Products */,
			);
			sourceTree = "<group>";
		};
		A1GRP00001 /* SpeechToText */ = {
			isa = PBXGroup;
			children = (
				A1GRP00010 /* Application */,
				A1GRP00020 /* Core */,
				A1GRP00030 /* Views */,
				A1GRP00040 /* Extensions */,
				A1GRP00050 /* Utilities */,
				A1GRP00060 /* Resources */,
				A1000016000 /* SpeechToText.entitlements */,
			);
			path = SpeechToText;
			sourceTree = "<group>";
		};
		A1GRP00002 /* Products */ = {
			isa = PBXGroup;
			children = (
				A1000000000 /* SpeechToText.app */,
			);
			name = Products;
			sourceTree = "<group>";
		};
		A1GRP00010 /* Application */ = {
			isa = PBXGroup;
			children = (
				B387012E2F2341B10018C319 /* main.swift */,
				A1000001000 /* AppDelegate.swift */,
				A1000001100 /* Info.plist */,
			);
			path = Application;
			sourceTree = "<group>";
		};
		A1GRP00020 /* Core */ = {
			isa = PBXGroup;
			children = (
				A1GRP00021 /* Managers */,
				A1GRP00022 /* Controllers */,
				A1GRP00023 /* Models */,
			);
			path = Core;
			sourceTree = "<group>";
		};
		A1GRP00021 /* Managers */ = {
			isa = PBXGroup;
			children = (
				A1000002000 /* WhisperManager.swift */,
				A1000003000 /* HotkeyManager.swift */,
				A1000004000 /* TextInsertionService.swift */,
				A1000005000 /* PermissionsManager.swift */,
			);
			path = Managers;
			sourceTree = "<group>";
		};
		A1GRP00022 /* Controllers */ = {
			isa = PBXGroup;
			children = (
				A1000006000 /* StatusBarController.swift */,
			);
			path = Controllers;
			sourceTree = "<group>";
		};
		A1GRP00023 /* Models */ = {
			isa = PBXGroup;
			children = (
				A1000007000 /* AppState.swift */,
				A1000008000 /* TranscriptionResult.swift */,
			);
			path = Models;
			sourceTree = "<group>";
		};
		A1GRP00030 /* Views */ = {
			isa = PBXGroup;
			children = (
				A1000009000 /* StatusBarMenu.swift */,
				A1000010000 /* TranscriptionOverlayView.swift */,
				A1000011000 /* SettingsView.swift */,
				A1000012000 /* ModelDownloadView.swift */,
				A1000017000 /* AudioLevelView.swift */,
			);
			path = Views;
			sourceTree = "<group>";
		};
		A1GRP00040 /* Extensions */ = {
			isa = PBXGroup;
			children = (
				A1000013000 /* AXUIElement+Helpers.swift */,
			);
			path = Extensions;
			sourceTree = "<group>";
		};
		A1GRP00050 /* Utilities */ = {
			isa = PBXGroup;
			children = (
				A1000014000 /* Constants.swift */,
			);
			path = Utilities;
			sourceTree = "<group>";
		};
		A1GRP00060 /* Resources */ = {
			isa = PBXGroup;
			children = (
				A1000015000 /* Assets.xcassets */,
			);
			path = Resources;
			sourceTree = "<group>";
		};
/* End PBXGroup section */

/* Begin PBXNativeTarget section */
		A1NTARGET00 /* SpeechToText */ = {
			isa = PBXNativeTarget;
			buildConfigurationList = A1CFGLST002 /* Build configuration list for PBXNativeTarget "SpeechToText" */;
			buildPhases = (
				A1SOURCES00 /* Sources */,
				A1FRMWRK000 /* Frameworks */,
				A1RESRCS00 /* Resources */,
			);
			buildRules = (
			);
			dependencies = (
			);
			name = SpeechToText;
			productName = SpeechToText;
			productReference = A1000000000 /* SpeechToText.app */;
			productType = "com.apple.product-type.application";
		};
/* End PBXNativeTarget section */

/* Begin PBXProject section */
		A1PROJECT00 /* Project object */ = {
			isa = PBXProject;
			attributes = {
				BuildIndependentTargetsInParallel = 1;
				LastSwiftUpdateCheck = 1500;
				LastUpgradeCheck = 1500;
				TargetAttributes = {
					A1NTARGET00 = {
						CreatedOnToolsVersion = 15.0;
					};
				};
			};
			buildConfigurationList = A1CFGLST001 /* Build configuration list for PBXProject "SpeechToText" */;
			compatibilityVersion = "Xcode 14.0";
			developmentRegion = en;
			hasScannedForEncodings = 0;
			knownRegions = (
				en,
				Base,
			);
			mainGroup = A1GRP00000;
			packageReferences = (
				B3B4081D2F22BF9000A0727D /* XCRemoteSwiftPackageReference "WhisperKit" */,
				B3B408202F22BFBD00A0727D /* XCRemoteSwiftPackageReference "HotKey" */,
			);
			productRefGroup = A1GRP00002 /* Products */;
			projectDirPath = "";
			projectRoot = "";
			targets = (
				A1NTARGET00 /* SpeechToText */,
			);
		};
/* End PBXProject section */

/* Begin PBXResourcesBuildPhase section */
		A1RESRCS00 /* Resources */ = {
			isa = PBXResourcesBuildPhase;
			buildActionMask = 2147483647;
			files = (
				A1000015001 /* Assets.xcassets in Resources */,
			);
			runOnlyForDeploymentPostprocessing = 0;
		};
/* End PBXResourcesBuildPhase section */

/* Begin PBXSourcesBuildPhase section */
		A1SOURCES00 /* Sources */ = {
			isa = PBXSourcesBuildPhase;
			buildActionMask = 2147483647;
			files = (
				A1000001001 /* AppDelegate.swift in Sources */,
				A1000002001 /* WhisperManager.swift in Sources */,
				A1000003001 /* HotkeyManager.swift in Sources */,
				A1000004001 /* TextInsertionService.swift in Sources */,
				A1000005001 /* PermissionsManager.swift in Sources */,
				A1000006001 /* StatusBarController.swift in Sources */,
				A1000007001 /* AppState.swift in Sources */,
				A1000008001 /* TranscriptionResult.swift in Sources */,
				A1000009001 /* StatusBarMenu.swift in Sources */,
				A1000010001 /* TranscriptionOverlayView.swift in Sources */,
				A1000011001 /* SettingsView.swift in Sources */,
				A1000017001 /* AudioLevelView.swift in Sources */,
				B387012F2F2341B10018C319 /* main.swift in Sources */,
				A1000012001 /* ModelDownloadView.swift in Sources */,
				A1000013001 /* AXUIElement+Helpers.swift in Sources */,
				A1000014001 /* Constants.swift in Sources */,
			);
			runOnlyForDeploymentPostprocessing = 0;
		};
/* End PBXSourcesBuildPhase section */

/* Begin XCBuildConfiguration section */
		A1BLDCFG001 /* Debug */ = {
			isa = XCBuildConfiguration;
			buildSettings = {
				ALWAYS_SEARCH_USER_PATHS = NO;
				ASSETCATALOG_COMPILER_GENERATE_SWIFT_ASSET_SYMBOL_EXTENSIONS = YES;
				CLANG_ANALYZER_NONNULL = YES;
				CLANG_ANALYZER_NUMBER_OBJECT_CONVERSION = YES_AGGRESSIVE;
				CLANG_CXX_LANGUAGE_STANDARD = "gnu++20";
				CLANG_ENABLE_MODULES = YES;
				CLANG_ENABLE_OBJC_ARC = YES;
				CLANG_ENABLE_OBJC_WEAK = YES;
				CLANG_WARN_BLOCK_CAPTURE_AUTORELEASING = YES;
				CLANG_WARN_BOOL_CONVERSION = YES;
				CLANG_WARN_COMMA = YES;
				CLANG_WARN_CONSTANT_CONVERSION = YES;
				CLANG_WARN_DEPRECATED_OBJC_IMPLEMENTATIONS = YES;
				CLANG_WARN_DIRECT_OBJC_ISA_USAGE = YES_ERROR;
				CLANG_WARN_DOCUMENTATION_COMMENTS = YES;
				CLANG_WARN_EMPTY_BODY = YES;
				CLANG_WARN_ENUM_CONVERSION = YES;
				CLANG_WARN_INFINITE_RECURSION = YES;
				CLANG_WARN_INT_CONVERSION = YES;
				CLANG_WARN_NON_LITERAL_NULL_CONVERSION = YES;
				CLANG_WARN_OBJC_IMPLICIT_RETAIN_SELF = YES;
				CLANG_WARN_OBJC_LITERAL_CONVERSION = YES;
				CLANG_WARN_OBJC_ROOT_CLASS = YES_ERROR;
				CLANG_WARN_QUOTED_INCLUDE_IN_FRAMEWORK_HEADER = YES;
				CLANG_WARN_RANGE_LOOP_ANALYSIS = YES;
				CLANG_WARN_STRICT_PROTOTYPES = YES;
				CLANG_WARN_SUSPICIOUS_MOVE = YES;
				CLANG_WARN_UNGUARDED_AVAILABILITY = YES_AGGRESSIVE;
				CLANG_WARN_UNREACHABLE_CODE = YES;
				CLANG_WARN__DUPLICATE_METHOD_MATCH = YES;
				COPY_PHASE_STRIP = NO;
				DEBUG_INFORMATION_FORMAT = dwarf;
				ENABLE_STRICT_OBJC_MSGSEND = YES;
				ENABLE_TESTABILITY = YES;
				ENABLE_USER_SCRIPT_SANDBOXING = YES;
				GCC_C_LANGUAGE_STANDARD = gnu17;
				GCC_DYNAMIC_NO_PIC = NO;
				GCC_NO_COMMON_BLOCKS = YES;
				GCC_OPTIMIZATION_LEVEL = 0;
				GCC_PREPROCESSOR_DEFINITIONS = (
					"DEBUG=1",
					"$(inherited)",
				);
				GCC_WARN_64_TO_32_BIT_CONVERSION = YES;
				GCC_WARN_ABOUT_RETURN_TYPE = YES_ERROR;
				GCC_WARN_UNDECLARED_SELECTOR = YES;
				GCC_WARN_UNINITIALIZED_AUTOS = YES_AGGRESSIVE;
				GCC_WARN_UNUSED_FUNCTION = YES;
				GCC_WARN_UNUSED_VARIABLE = YES;
				LOCALIZATION_PREFERS_STRING_CATALOGS = YES;
				MACOSX_DEPLOYMENT_TARGET = 14.0;
				MTL_ENABLE_DEBUG_INFO = INCLUDE_SOURCE;
				MTL_FAST_MATH = YES;
				ONLY_ACTIVE_ARCH = YES;
				SDKROOT = macosx;
				SWIFT_ACTIVE_COMPILATION_CONDITIONS = "DEBUG $(inherited)";
				SWIFT_OPTIMIZATION_LEVEL = "-Onone";
			};
			name = Debug;
		};
		A1BLDCFG002 /* Release */ = {
			isa = XCBuildConfiguration;
			buildSettings = {
				ALWAYS_SEARCH_USER_PATHS = NO;
				ASSETCATALOG_COMPILER_GENERATE_SWIFT_ASSET_SYMBOL_EXTENSIONS = YES;
				CLANG_ANALYZER_NONNULL = YES;
				CLANG_ANALYZER_NUMBER_OBJECT_CONVERSION = YES_AGGRESSIVE;
				CLANG_CXX_LANGUAGE_STANDARD = "gnu++20";
				CLANG_ENABLE_MODULES = YES;
				CLANG_ENABLE_OBJC_ARC = YES;
				CLANG_ENABLE_OBJC_WEAK = YES;
				CLANG_WARN_BLOCK_CAPTURE_AUTORELEASING = YES;
				CLANG_WARN_BOOL_CONVERSION = YES;
				CLANG_WARN_COMMA = YES;
				CLANG_WARN_CONSTANT_CONVERSION = YES;
				CLANG_WARN_DEPRECATED_OBJC_IMPLEMENTATIONS = YES;
				CLANG_WARN_DIRECT_OBJC_ISA_USAGE = YES_ERROR;
				CLANG_WARN_DOCUMENTATION_COMMENTS = YES;
				CLANG_WARN_EMPTY_BODY = YES;
				CLANG_WARN_ENUM_CONVERSION = YES;
				CLANG_WARN_INFINITE_RECURSION = YES;
				CLANG_WARN_INT_CONVERSION = YES;
				CLANG_WARN_NON_LITERAL_NULL_CONVERSION = YES;
				CLANG_WARN_OBJC_IMPLICIT_RETAIN_SELF = YES;
				CLANG_WARN_OBJC_LITERAL_CONVERSION = YES;
				CLANG_WARN_OBJC_ROOT_CLASS = YES_ERROR;
				CLANG_WARN_QUOTED_INCLUDE_IN_FRAMEWORK_HEADER = YES;
				CLANG_WARN_RANGE_LOOP_ANALYSIS = YES;
				CLANG_WARN_STRICT_PROTOTYPES = YES;
				CLANG_WARN_SUSPICIOUS_MOVE = YES;
				CLANG_WARN_UNGUARDED_AVAILABILITY = YES_AGGRESSIVE;
				CLANG_WARN_UNREACHABLE_CODE = YES;
				CLANG_WARN__DUPLICATE_METHOD_MATCH = YES;
				COPY_PHASE_STRIP = NO;
				DEBUG_INFORMATION_FORMAT = "dwarf-with-dsym";
				ENABLE_NS_ASSERTIONS = NO;
				ENABLE_STRICT_OBJC_MSGSEND = YES;
				ENABLE_USER_SCRIPT_SANDBOXING = YES;
				GCC_C_LANGUAGE_STANDARD = gnu17;
				GCC_NO_COMMON_BLOCKS = YES;
				GCC_WARN_64_TO_32_BIT_CONVERSION = YES;
				GCC_WARN_ABOUT_RETURN_TYPE = YES_ERROR;
				GCC_WARN_UNDECLARED_SELECTOR = YES;
				GCC_WARN_UNINITIALIZED_AUTOS = YES_AGGRESSIVE;
				GCC_WARN_UNUSED_FUNCTION = YES;
				GCC_WARN_UNUSED_VARIABLE = YES;
				LOCALIZATION_PREFERS_STRING_CATALOGS = YES;
				MACOSX_DEPLOYMENT_TARGET = 14.0;
				MTL_ENABLE_DEBUG_INFO = NO;
				MTL_FAST_MATH = YES;
				SDKROOT = macosx;
				SWIFT_COMPILATION_MODE = wholemodule;
			};
			name = Release;
		};
		A1BLDCFG003 /* Debug */ = {
			isa = XCBuildConfiguration;
			buildSettings = {
				ASSETCATALOG_COMPILER_APPICON_NAME = AppIcon;
				ASSETCATALOG_COMPILER_GLOBAL_ACCENT_COLOR_NAME = AccentColor;
				CODE_SIGN_ENTITLEMENTS = SpeechToText/SpeechToText.entitlements;
				CODE_SIGN_STYLE = Automatic;
				COMBINE_HIDPI_IMAGES = YES;
				CURRENT_PROJECT_VERSION = 1;
				DEVELOPMENT_TEAM = "";
				ENABLE_HARDENED_RUNTIME = YES;
				GENERATE_INFOPLIST_FILE = NO;
				INFOPLIST_FILE = SpeechToText/Application/Info.plist;
				INFOPLIST_KEY_LSApplicationCategoryType = "public.app-category.productivity";
				INFOPLIST_KEY_NSMicrophoneUsageDescription = "SpeechToText needs microphone access to transcribe your speech into text using on-device AI processing.";
				LD_RUNPATH_SEARCH_PATHS = (
					"$(inherited)",
					"@executable_path/../Frameworks",
				);
				MARKETING_VERSION = 1.0;
				PRODUCT_BUNDLE_IDENTIFIER = com.mfaizanshaikh.speechtotext;
				PRODUCT_NAME = "$(TARGET_NAME)";
				SWIFT_EMIT_LOC_STRINGS = YES;
				SWIFT_VERSION = 5.0;
			};
			name = Debug;
		};
		A1BLDCFG004 /* Release */ = {
			isa = XCBuildConfiguration;
			buildSettings = {
				ASSETCATALOG_COMPILER_APPICON_NAME = AppIcon;
				ASSETCATALOG_COMPILER_GLOBAL_ACCENT_COLOR_NAME = AccentColor;
				CODE_SIGN_ENTITLEMENTS = SpeechToText/SpeechToText.entitlements;
				CODE_SIGN_STYLE = Automatic;
				COMBINE_HIDPI_IMAGES = YES;
				CURRENT_PROJECT_VERSION = 1;
				DEVELOPMENT_TEAM = "";
				ENABLE_HARDENED_RUNTIME = YES;
				GENERATE_INFOPLIST_FILE = NO;
				INFOPLIST_FILE = SpeechToText/Application/Info.plist;
				INFOPLIST_KEY_LSApplicationCategoryType = "public.app-category.productivity";
				INFOPLIST_KEY_NSMicrophoneUsageDescription = "SpeechToText needs microphone access to transcribe your speech into text using on-device AI processing.";
				LD_RUNPATH_SEARCH_PATHS = (
					"$(inherited)",
					"@executable_path/../Frameworks",
				);
				MARKETING_VERSION = 1.0;
				PRODUCT_BUNDLE_IDENTIFIER = com.mfaizanshaikh.speechtotext;
				PRODUCT_NAME = "$(TARGET_NAME)";
				SWIFT_EMIT_LOC_STRINGS = YES;
				SWIFT_VERSION = 5.0;
			};
			name = Release;
		};
/* End XCBuildConfiguration section */

/* Begin XCConfigurationList section */
		A1CFGLST001 /* Build configuration list for PBXProject "SpeechToText" */ = {
			isa = XCConfigurationList;
			buildConfigurations = (
				A1BLDCFG001 /* Debug */,
				A1BLDCFG002 /* Release */,
			);
			defaultConfigurationIsVisible = 0;
			defaultConfigurationName = Release;
		};
		A1CFGLST002 /* Build configuration list for PBXNativeTarget "SpeechToText" */ = {
			isa = XCConfigurationList;
			buildConfigurations = (
				A1BLDCFG003 /* Debug */,
				A1BLDCFG004 /* Release */,
			);
			defaultConfigurationIsVisible = 0;
			defaultConfigurationName = Release;
		};
/* End XCConfigurationList section */

/* Begin XCRemoteSwiftPackageReference section */
		B3B4081D2F22BF9000A0727D /* XCRemoteSwiftPackageReference "WhisperKit" */ = {
			isa = XCRemoteSwiftPackageReference;
			repositoryURL = "https://github.com/argmaxinc/WhisperKit.git";
			requirement = {
				branch = main;
				kind = branch;
			};
		};
		B3B408202F22BFBD00A0727D /* XCRemoteSwiftPackageReference "HotKey" */ = {
			isa = XCRemoteSwiftPackageReference;
			repositoryURL = "https://github.com/soffes/HotKey.git";
			requirement = {
				branch = main;
				kind = branch;
			};
		};
/* End XCRemoteSwiftPackageReference section */

/* Begin XCSwiftPackageProductDependency section */
		B3B4081E2F22BF9000A0727D /* WhisperKit */ = {
			isa = XCSwiftPackageProductDependency;
			package = B3B4081D2F22BF9000A0727D /* XCRemoteSwiftPackageReference "WhisperKit" */;
			productName = WhisperKit;
		};
		B3B408212F22BFBD00A0727D /* HotKey */ = {
			isa = XCSwiftPackageProductDependency;
			package = B3B408202F22BFBD00A0727D /* XCRemoteSwiftPackageReference "HotKey" */;
			productName = HotKey;
		};
/* End XCSwiftPackageProductDependency section */
	};
	rootObject = A1PROJECT00 /* Project object */;
}
